// !$*UTF8*$!
{
	archiveVersion = 1;
	classes = {
	};
	objectVersion = 55;
	objects = {

/* Begin PBXBuildFile section */
		4B314ACA27F2D8B300ABC0BF /* ProductDetailViewController.swift in Sources */ = {isa = PBXBuildFile; fileRef = 4B314AC927F2D8B300ABC0BF /* ProductDetailViewController.swift */; };
		4B314ACD27F44BC600ABC0BF /* RegisterProductResponse.swift in Sources */ = {isa = PBXBuildFile; fileRef = 4B314ACC27F44BC600ABC0BF /* RegisterProductResponse.swift */; };
		4B314ACF27F44BD600ABC0BF /* RegisterProductRequest.swift in Sources */ = {isa = PBXBuildFile; fileRef = 4B314ACE27F44BD600ABC0BF /* RegisterProductRequest.swift */; };
		4B314AD127F44BE500ABC0BF /* RegisterProductDataManager.swift in Sources */ = {isa = PBXBuildFile; fileRef = 4B314AD027F44BE500ABC0BF /* RegisterProductDataManager.swift */; };
		4B314AD527F6E6A800ABC0BF /* firstProductDetailTableViewCell.swift in Sources */ = {isa = PBXBuildFile; fileRef = 4B314AD327F6E6A800ABC0BF /* firstProductDetailTableViewCell.swift */; };
		4B314AD627F6E6A800ABC0BF /* firstProductDetailTableViewCell.xib in Resources */ = {isa = PBXBuildFile; fileRef = 4B314AD427F6E6A800ABC0BF /* firstProductDetailTableViewCell.xib */; };
		4B314AD927F6E6D500ABC0BF /* secondProductDetailTableViewCell.swift in Sources */ = {isa = PBXBuildFile; fileRef = 4B314AD727F6E6D500ABC0BF /* secondProductDetailTableViewCell.swift */; };
		4B314ADA27F6E6D500ABC0BF /* secondProductDetailTableViewCell.xib in Resources */ = {isa = PBXBuildFile; fileRef = 4B314AD827F6E6D500ABC0BF /* secondProductDetailTableViewCell.xib */; };
		4B314ADD27F6E6E300ABC0BF /* thirdProductDetailTableViewCell.swift in Sources */ = {isa = PBXBuildFile; fileRef = 4B314ADB27F6E6E300ABC0BF /* thirdProductDetailTableViewCell.swift */; };
		4B314ADE27F6E6E300ABC0BF /* thirdProductDetailTableViewCell.xib in Resources */ = {isa = PBXBuildFile; fileRef = 4B314ADC27F6E6E300ABC0BF /* thirdProductDetailTableViewCell.xib */; };
		4B314AE127F6E70100ABC0BF /* firthProductDetailTableViewCell.swift in Sources */ = {isa = PBXBuildFile; fileRef = 4B314ADF27F6E70100ABC0BF /* firthProductDetailTableViewCell.swift */; };
		4B314AE227F6E70100ABC0BF /* firthProductDetailTableViewCell.xib in Resources */ = {isa = PBXBuildFile; fileRef = 4B314AE027F6E70100ABC0BF /* firthProductDetailTableViewCell.xib */; };
		4B314AE527F6E71000ABC0BF /* fifthProductDetailTableViewCell.swift in Sources */ = {isa = PBXBuildFile; fileRef = 4B314AE327F6E71000ABC0BF /* fifthProductDetailTableViewCell.swift */; };
		4B314AE627F6E71000ABC0BF /* fifthProductDetailTableViewCell.xib in Resources */ = {isa = PBXBuildFile; fileRef = 4B314AE427F6E71000ABC0BF /* fifthProductDetailTableViewCell.xib */; };
		4B9123F227D6030C0052D546 /* MyViewFirstSectionTableViewCell.swift in Sources */ = {isa = PBXBuildFile; fileRef = 4B9123F027D6030C0052D546 /* MyViewFirstSectionTableViewCell.swift */; };
		4B9123F327D6030C0052D546 /* MyViewFirstSectionTableViewCell.xib in Resources */ = {isa = PBXBuildFile; fileRef = 4B9123F127D6030C0052D546 /* MyViewFirstSectionTableViewCell.xib */; };
		4B9123F627D6031D0052D546 /* MyViewSecondSectionTableViewCell.swift in Sources */ = {isa = PBXBuildFile; fileRef = 4B9123F427D6031D0052D546 /* MyViewSecondSectionTableViewCell.swift */; };
		4B9123F727D6031D0052D546 /* MyViewSecondSectionTableViewCell.xib in Resources */ = {isa = PBXBuildFile; fileRef = 4B9123F527D6031D0052D546 /* MyViewSecondSectionTableViewCell.xib */; };
		4B91240A27D604870052D546 /* MyCarrotCellList.swift in Sources */ = {isa = PBXBuildFile; fileRef = 4B91240927D604870052D546 /* MyCarrotCellList.swift */; };
		4B91240C27D746EA0052D546 /* SetLocationViewController.swift in Sources */ = {isa = PBXBuildFile; fileRef = 4B91240B27D746EA0052D546 /* SetLocationViewController.swift */; };
		4B91241027D9BCF00052D546 /* StartViewController.swift in Sources */ = {isa = PBXBuildFile; fileRef = 4B91240F27D9BCF00052D546 /* StartViewController.swift */; };
		4B91241227D9BD080052D546 /* PhoneAutentificationViewController.swift in Sources */ = {isa = PBXBuildFile; fileRef = 4B91241127D9BD080052D546 /* PhoneAutentificationViewController.swift */; };
		4B91241627D9E7DE0052D546 /* SetLocationViewTableViewCell.swift in Sources */ = {isa = PBXBuildFile; fileRef = 4B91241427D9E7DE0052D546 /* SetLocationViewTableViewCell.swift */; };
		4B91241727D9E7DE0052D546 /* SetLocationViewTableViewCell.xib in Resources */ = {isa = PBXBuildFile; fileRef = 4B91241527D9E7DE0052D546 /* SetLocationViewTableViewCell.xib */; };
		4B91241927D9F80F0052D546 /* PhoneAutentificationSignInStateViewController.swift in Sources */ = {isa = PBXBuildFile; fileRef = 4B91241827D9F80F0052D546 /* PhoneAutentificationSignInStateViewController.swift */; };
		4B91241B27DF26180052D546 /* SetProfileViewController.swift in Sources */ = {isa = PBXBuildFile; fileRef = 4B91241A27DF26180052D546 /* SetProfileViewController.swift */; };
		4B91241E27E055740052D546 /* SelectHomeDetailViewController.swift in Sources */ = {isa = PBXBuildFile; fileRef = 4B91241D27E055740052D546 /* SelectHomeDetailViewController.swift */; };
		4B91242027E05E7E0052D546 /* AddProductViewController.swift in Sources */ = {isa = PBXBuildFile; fileRef = 4B91241F27E05E7E0052D546 /* AddProductViewController.swift */; };
		4BA63E8727D33976003DDEF0 /* HomeViewTableViewCell.swift in Sources */ = {isa = PBXBuildFile; fileRef = 4BA63E8527D33976003DDEF0 /* HomeViewTableViewCell.swift */; };
		4BA63E8827D33976003DDEF0 /* HomeViewTableViewCell.xib in Resources */ = {isa = PBXBuildFile; fileRef = 4BA63E8627D33976003DDEF0 /* HomeViewTableViewCell.xib */; };
		4BA63E8C27D33F27003DDEF0 /* TownViewTableViewCell.swift in Sources */ = {isa = PBXBuildFile; fileRef = 4BA63E8A27D33F27003DDEF0 /* TownViewTableViewCell.swift */; };
		4BA63E8D27D33F27003DDEF0 /* TownViewTableViewCell.xib in Resources */ = {isa = PBXBuildFile; fileRef = 4BA63E8B27D33F27003DDEF0 /* TownViewTableViewCell.xib */; };
		4BA63E9127D35AAB003DDEF0 /* ChattingViewTableViewCell.swift in Sources */ = {isa = PBXBuildFile; fileRef = 4BA63E8F27D35AAB003DDEF0 /* ChattingViewTableViewCell.swift */; };
		4BA63E9227D35AAB003DDEF0 /* ChattingViewTableViewCell.xib in Resources */ = {isa = PBXBuildFile; fileRef = 4BA63E9027D35AAB003DDEF0 /* ChattingViewTableViewCell.xib */; };
		4BB9655E27D08F4600E41D0C /* AppDelegate.swift in Sources */ = {isa = PBXBuildFile; fileRef = 4BB9655D27D08F4600E41D0C /* AppDelegate.swift */; };
		4BB9656027D08F4600E41D0C /* SceneDelegate.swift in Sources */ = {isa = PBXBuildFile; fileRef = 4BB9655F27D08F4600E41D0C /* SceneDelegate.swift */; };
		4BB9656527D08F4600E41D0C /* Main.storyboard in Resources */ = {isa = PBXBuildFile; fileRef = 4BB9656327D08F4600E41D0C /* Main.storyboard */; };
		4BB9656727D08F4800E41D0C /* Assets.xcassets in Resources */ = {isa = PBXBuildFile; fileRef = 4BB9656627D08F4800E41D0C /* Assets.xcassets */; };
		4BB9656A27D08F4800E41D0C /* LaunchScreen.storyboard in Resources */ = {isa = PBXBuildFile; fileRef = 4BB9656827D08F4800E41D0C /* LaunchScreen.storyboard */; };
		4BB9657327D0BCF700E41D0C /* HomeViewController.swift in Sources */ = {isa = PBXBuildFile; fileRef = 4BB9657227D0BCF700E41D0C /* HomeViewController.swift */; };
		4BB9657527D0BD8D00E41D0C /* TownViewController.swift in Sources */ = {isa = PBXBuildFile; fileRef = 4BB9657427D0BD8D00E41D0C /* TownViewController.swift */; };
		4BB9657727D0BD9800E41D0C /* NearbyViewController.swift in Sources */ = {isa = PBXBuildFile; fileRef = 4BB9657627D0BD9800E41D0C /* NearbyViewController.swift */; };
		4BB9657927D0BDAB00E41D0C /* ChattingViewController.swift in Sources */ = {isa = PBXBuildFile; fileRef = 4BB9657827D0BDAB00E41D0C /* ChattingViewController.swift */; };
		4BB9657B27D0BDBB00E41D0C /* MyViewController.swift in Sources */ = {isa = PBXBuildFile; fileRef = 4BB9657A27D0BDBB00E41D0C /* MyViewController.swift */; };
		4BBAD4ED27FBFD6A00B7381A /* ProductDetailResponse.swift in Sources */ = {isa = PBXBuildFile; fileRef = 4BBAD4EC27FBFD6A00B7381A /* ProductDetailResponse.swift */; };
		4BBAD4F127FBFD8A00B7381A /* ProductDetailDataManager.swift in Sources */ = {isa = PBXBuildFile; fileRef = 4BBAD4F027FBFD8A00B7381A /* ProductDetailDataManager.swift */; };
		4BBAD4F427FC2A2C00B7381A /* HeartViewController.swift in Sources */ = {isa = PBXBuildFile; fileRef = 4BBAD4F327FC2A2C00B7381A /* HeartViewController.swift */; };
		4BBAD4F827FC2C8F00B7381A /* LoadHeartResponse.swift in Sources */ = {isa = PBXBuildFile; fileRef = 4BBAD4F727FC2C8F00B7381A /* LoadHeartResponse.swift */; };
		4BBAD4FC27FC2D7300B7381A /* HeartDataManager.swift in Sources */ = {isa = PBXBuildFile; fileRef = 4BBAD4FB27FC2D7300B7381A /* HeartDataManager.swift */; };
		4BBAD50027FC304400B7381A /* HeartListTableViewCell.swift in Sources */ = {isa = PBXBuildFile; fileRef = 4BBAD4FE27FC304400B7381A /* HeartListTableViewCell.swift */; };
		4BBAD50127FC304400B7381A /* HeartListTableViewCell.xib in Resources */ = {isa = PBXBuildFile; fileRef = 4BBAD4FF27FC304400B7381A /* HeartListTableViewCell.xib */; };
		4BBAD50327FC398900B7381A /* AddHeartRequest.swift in Sources */ = {isa = PBXBuildFile; fileRef = 4BBAD50227FC398900B7381A /* AddHeartRequest.swift */; };
		4BBAD50527FC39E100B7381A /* AddHeartResponse.swift in Sources */ = {isa = PBXBuildFile; fileRef = 4BBAD50427FC39E100B7381A /* AddHeartResponse.swift */; };
		4BBAD507280007FE00B7381A /* DeleteHeartResponse.swift in Sources */ = {isa = PBXBuildFile; fileRef = 4BBAD506280007FE00B7381A /* DeleteHeartResponse.swift */; };
		4BBAD5092800088000B7381A /* DeleteHeartRequest.swift in Sources */ = {isa = PBXBuildFile; fileRef = 4BBAD5082800088000B7381A /* DeleteHeartRequest.swift */; };
		4BBAD5152804176400B7381A /* SoldViewController.swift in Sources */ = {isa = PBXBuildFile; fileRef = 4BBAD5142804176400B7381A /* SoldViewController.swift */; };
		4BBAD5172804177000B7381A /* firstSoldViewController.swift in Sources */ = {isa = PBXBuildFile; fileRef = 4BBAD5162804177000B7381A /* firstSoldViewController.swift */; };
		4BBAD5192804178000B7381A /* secondSoldViewController.swift in Sources */ = {isa = PBXBuildFile; fileRef = 4BBAD5182804178000B7381A /* secondSoldViewController.swift */; };
		4BBAD51B2804178D00B7381A /* thirdSoldViewController.swift in Sources */ = {isa = PBXBuildFile; fileRef = 4BBAD51A2804178D00B7381A /* thirdSoldViewController.swift */; };
		4BBAD52028041E6500B7381A /* SellProductResponse.swift in Sources */ = {isa = PBXBuildFile; fileRef = 4BBAD51F28041E6500B7381A /* SellProductResponse.swift */; };
		4BBAD522280421C000B7381A /* SellProductDataManager.swift in Sources */ = {isa = PBXBuildFile; fileRef = 4BBAD521280421C000B7381A /* SellProductDataManager.swift */; };
		4BBAD5262804232500B7381A /* SellProductTableViewCell.swift in Sources */ = {isa = PBXBuildFile; fileRef = 4BBAD5242804232500B7381A /* SellProductTableViewCell.swift */; };
		4BBAD5272804232500B7381A /* SellProductTableViewCell.xib in Resources */ = {isa = PBXBuildFile; fileRef = 4BBAD5252804232500B7381A /* SellProductTableViewCell.xib */; };
		4BBE4EC427F03F4300E08165 /* SelectProductCategoryViewController.swift in Sources */ = {isa = PBXBuildFile; fileRef = 4BBE4EC327F03F4300E08165 /* SelectProductCategoryViewController.swift */; };
		4BBE4EC927F07B3A00E08165 /* ShowListResponse.swift in Sources */ = {isa = PBXBuildFile; fileRef = 4BBE4EC827F07B3A00E08165 /* ShowListResponse.swift */; };
		4BBE4ECB27F07B4700E08165 /* ShowListDataManager.swift in Sources */ = {isa = PBXBuildFile; fileRef = 4BBE4ECA27F07B4700E08165 /* ShowListDataManager.swift */; };
		4BBE4ED127F1A6D600E08165 /* LoadImageDataManager.swift in Sources */ = {isa = PBXBuildFile; fileRef = 4BBE4ED027F1A6D600E08165 /* LoadImageDataManager.swift */; };
		4BD6D2C827E1C690004B71B3 /* PhoneCertificationResponse.swift in Sources */ = {isa = PBXBuildFile; fileRef = 4BD6D2C727E1C690004B71B3 /* PhoneCertificationResponse.swift */; };
		4BD6D2CA27E1C718004B71B3 /* PhoneCertificationDataManager.swift in Sources */ = {isa = PBXBuildFile; fileRef = 4BD6D2C927E1C718004B71B3 /* PhoneCertificationDataManager.swift */; };
		4BD6D2CC27E1D3A2004B71B3 /* PhoneCertificationConfirmDataManager.swift in Sources */ = {isa = PBXBuildFile; fileRef = 4BD6D2CB27E1D3A2004B71B3 /* PhoneCertificationConfirmDataManager.swift */; };
		4BD6D2CE27E1D3B2004B71B3 /* PhoneCertificationConfirmResponse.swift in Sources */ = {isa = PBXBuildFile; fileRef = 4BD6D2CD27E1D3B2004B71B3 /* PhoneCertificationConfirmResponse.swift */; };
		4BD6D2D027E1D415004B71B3 /* PhoneCertificationConfirmRequest.swift in Sources */ = {isa = PBXBuildFile; fileRef = 4BD6D2CF27E1D415004B71B3 /* PhoneCertificationConfirmRequest.swift */; };
		4BD6D2D527E32C55004B71B3 /* LogInRequest.swift in Sources */ = {isa = PBXBuildFile; fileRef = 4BD6D2D427E32C55004B71B3 /* LogInRequest.swift */; };
		4BD6D2D727E32C60004B71B3 /* LogInResponse.swift in Sources */ = {isa = PBXBuildFile; fileRef = 4BD6D2D627E32C60004B71B3 /* LogInResponse.swift */; };
		4BD6D2D927E32C72004B71B3 /* LogInDataManager.swift in Sources */ = {isa = PBXBuildFile; fileRef = 4BD6D2D827E32C72004B71B3 /* LogInDataManager.swift */; };
		4BD6D2DC27E486A6004B71B3 /* SignUpRequest.swift in Sources */ = {isa = PBXBuildFile; fileRef = 4BD6D2DB27E486A6004B71B3 /* SignUpRequest.swift */; };
		4BD6D2DE27E486EF004B71B3 /* SignUpResponse.swift in Sources */ = {isa = PBXBuildFile; fileRef = 4BD6D2DD27E486EF004B71B3 /* SignUpResponse.swift */; };
		4BD6D2E027E4870E004B71B3 /* SignUpDataManager.swift in Sources */ = {isa = PBXBuildFile; fileRef = 4BD6D2DF27E4870E004B71B3 /* SignUpDataManager.swift */; };
		4BD6D2E227E9DF3C004B71B3 /* UserInfo.swift in Sources */ = {isa = PBXBuildFile; fileRef = 4BD6D2E127E9DF3C004B71B3 /* UserInfo.swift */; };
		AB17B22F38F6024D96EB0A14 /* Pods_carrot_market_clona_ios.framework in Frameworks */ = {isa = PBXBuildFile; fileRef = 64DA35772DE1445F08CEC289 /* Pods_carrot_market_clona_ios.framework */; };
/* End PBXBuildFile section */

/* Begin PBXFileReference section */
		00AD4E91B3E7F1BFC09913F5 /* Pods-carrot_market_clona_ios.release.xcconfig */ = {isa = PBXFileReference; includeInIndex = 1; lastKnownFileType = text.xcconfig; name = "Pods-carrot_market_clona_ios.release.xcconfig"; path = "Target Support Files/Pods-carrot_market_clona_ios/Pods-carrot_market_clona_ios.release.xcconfig"; sourceTree = "<group>"; };
		4B314AC927F2D8B300ABC0BF /* ProductDetailViewController.swift */ = {isa = PBXFileReference; lastKnownFileType = sourcecode.swift; path = ProductDetailViewController.swift; sourceTree = "<group>"; };
		4B314ACC27F44BC600ABC0BF /* RegisterProductResponse.swift */ = {isa = PBXFileReference; lastKnownFileType = sourcecode.swift; path = RegisterProductResponse.swift; sourceTree = "<group>"; };
		4B314ACE27F44BD600ABC0BF /* RegisterProductRequest.swift */ = {isa = PBXFileReference; lastKnownFileType = sourcecode.swift; path = RegisterProductRequest.swift; sourceTree = "<group>"; };
		4B314AD027F44BE500ABC0BF /* RegisterProductDataManager.swift */ = {isa = PBXFileReference; lastKnownFileType = sourcecode.swift; path = RegisterProductDataManager.swift; sourceTree = "<group>"; };
		4B314AD327F6E6A800ABC0BF /* firstProductDetailTableViewCell.swift */ = {isa = PBXFileReference; lastKnownFileType = sourcecode.swift; path = firstProductDetailTableViewCell.swift; sourceTree = "<group>"; };
		4B314AD427F6E6A800ABC0BF /* firstProductDetailTableViewCell.xib */ = {isa = PBXFileReference; lastKnownFileType = file.xib; path = firstProductDetailTableViewCell.xib; sourceTree = "<group>"; };
		4B314AD727F6E6D500ABC0BF /* secondProductDetailTableViewCell.swift */ = {isa = PBXFileReference; lastKnownFileType = sourcecode.swift; path = secondProductDetailTableViewCell.swift; sourceTree = "<group>"; };
		4B314AD827F6E6D500ABC0BF /* secondProductDetailTableViewCell.xib */ = {isa = PBXFileReference; lastKnownFileType = file.xib; path = secondProductDetailTableViewCell.xib; sourceTree = "<group>"; };
		4B314ADB27F6E6E300ABC0BF /* thirdProductDetailTableViewCell.swift */ = {isa = PBXFileReference; lastKnownFileType = sourcecode.swift; path = thirdProductDetailTableViewCell.swift; sourceTree = "<group>"; };
		4B314ADC27F6E6E300ABC0BF /* thirdProductDetailTableViewCell.xib */ = {isa = PBXFileReference; lastKnownFileType = file.xib; path = thirdProductDetailTableViewCell.xib; sourceTree = "<group>"; };
		4B314ADF27F6E70100ABC0BF /* firthProductDetailTableViewCell.swift */ = {isa = PBXFileReference; lastKnownFileType = sourcecode.swift; path = firthProductDetailTableViewCell.swift; sourceTree = "<group>"; };
		4B314AE027F6E70100ABC0BF /* firthProductDetailTableViewCell.xib */ = {isa = PBXFileReference; lastKnownFileType = file.xib; path = firthProductDetailTableViewCell.xib; sourceTree = "<group>"; };
		4B314AE327F6E71000ABC0BF /* fifthProductDetailTableViewCell.swift */ = {isa = PBXFileReference; lastKnownFileType = sourcecode.swift; path = fifthProductDetailTableViewCell.swift; sourceTree = "<group>"; };
		4B314AE427F6E71000ABC0BF /* fifthProductDetailTableViewCell.xib */ = {isa = PBXFileReference; lastKnownFileType = file.xib; path = fifthProductDetailTableViewCell.xib; sourceTree = "<group>"; };
		4B9123F027D6030C0052D546 /* MyViewFirstSectionTableViewCell.swift */ = {isa = PBXFileReference; lastKnownFileType = sourcecode.swift; path = MyViewFirstSectionTableViewCell.swift; sourceTree = "<group>"; };
		4B9123F127D6030C0052D546 /* MyViewFirstSectionTableViewCell.xib */ = {isa = PBXFileReference; lastKnownFileType = file.xib; path = MyViewFirstSectionTableViewCell.xib; sourceTree = "<group>"; };
		4B9123F427D6031D0052D546 /* MyViewSecondSectionTableViewCell.swift */ = {isa = PBXFileReference; lastKnownFileType = sourcecode.swift; path = MyViewSecondSectionTableViewCell.swift; sourceTree = "<group>"; };
		4B9123F527D6031D0052D546 /* MyViewSecondSectionTableViewCell.xib */ = {isa = PBXFileReference; lastKnownFileType = file.xib; path = MyViewSecondSectionTableViewCell.xib; sourceTree = "<group>"; };
		4B91240927D604870052D546 /* MyCarrotCellList.swift */ = {isa = PBXFileReference; lastKnownFileType = sourcecode.swift; path = MyCarrotCellList.swift; sourceTree = "<group>"; };
		4B91240B27D746EA0052D546 /* SetLocationViewController.swift */ = {isa = PBXFileReference; lastKnownFileType = sourcecode.swift; path = SetLocationViewController.swift; sourceTree = "<group>"; };
		4B91240F27D9BCF00052D546 /* StartViewController.swift */ = {isa = PBXFileReference; lastKnownFileType = sourcecode.swift; path = StartViewController.swift; sourceTree = "<group>"; };
		4B91241127D9BD080052D546 /* PhoneAutentificationViewController.swift */ = {isa = PBXFileReference; lastKnownFileType = sourcecode.swift; path = PhoneAutentificationViewController.swift; sourceTree = "<group>"; };
		4B91241427D9E7DE0052D546 /* SetLocationViewTableViewCell.swift */ = {isa = PBXFileReference; lastKnownFileType = sourcecode.swift; path = SetLocationViewTableViewCell.swift; sourceTree = "<group>"; };
		4B91241527D9E7DE0052D546 /* SetLocationViewTableViewCell.xib */ = {isa = PBXFileReference; lastKnownFileType = file.xib; path = SetLocationViewTableViewCell.xib; sourceTree = "<group>"; };
		4B91241827D9F80F0052D546 /* PhoneAutentificationSignInStateViewController.swift */ = {isa = PBXFileReference; lastKnownFileType = sourcecode.swift; path = PhoneAutentificationSignInStateViewController.swift; sourceTree = "<group>"; };
		4B91241A27DF26180052D546 /* SetProfileViewController.swift */ = {isa = PBXFileReference; lastKnownFileType = sourcecode.swift; path = SetProfileViewController.swift; sourceTree = "<group>"; };
		4B91241D27E055740052D546 /* SelectHomeDetailViewController.swift */ = {isa = PBXFileReference; lastKnownFileType = sourcecode.swift; path = SelectHomeDetailViewController.swift; sourceTree = "<group>"; };
		4B91241F27E05E7E0052D546 /* AddProductViewController.swift */ = {isa = PBXFileReference; lastKnownFileType = sourcecode.swift; path = AddProductViewController.swift; sourceTree = "<group>"; };
		4BA63E8527D33976003DDEF0 /* HomeViewTableViewCell.swift */ = {isa = PBXFileReference; lastKnownFileType = sourcecode.swift; path = HomeViewTableViewCell.swift; sourceTree = "<group>"; };
		4BA63E8627D33976003DDEF0 /* HomeViewTableViewCell.xib */ = {isa = PBXFileReference; lastKnownFileType = file.xib; path = HomeViewTableViewCell.xib; sourceTree = "<group>"; };
		4BA63E8A27D33F27003DDEF0 /* TownViewTableViewCell.swift */ = {isa = PBXFileReference; lastKnownFileType = sourcecode.swift; path = TownViewTableViewCell.swift; sourceTree = "<group>"; };
		4BA63E8B27D33F27003DDEF0 /* TownViewTableViewCell.xib */ = {isa = PBXFileReference; lastKnownFileType = file.xib; path = TownViewTableViewCell.xib; sourceTree = "<group>"; };
		4BA63E8F27D35AAB003DDEF0 /* ChattingViewTableViewCell.swift */ = {isa = PBXFileReference; lastKnownFileType = sourcecode.swift; path = ChattingViewTableViewCell.swift; sourceTree = "<group>"; };
		4BA63E9027D35AAB003DDEF0 /* ChattingViewTableViewCell.xib */ = {isa = PBXFileReference; lastKnownFileType = file.xib; path = ChattingViewTableViewCell.xib; sourceTree = "<group>"; };
		4BB9655A27D08F4600E41D0C /* carrot_market_clona_ios.app */ = {isa = PBXFileReference; explicitFileType = wrapper.application; includeInIndex = 0; path = carrot_market_clona_ios.app; sourceTree = BUILT_PRODUCTS_DIR; };
		4BB9655D27D08F4600E41D0C /* AppDelegate.swift */ = {isa = PBXFileReference; lastKnownFileType = sourcecode.swift; path = AppDelegate.swift; sourceTree = "<group>"; };
		4BB9655F27D08F4600E41D0C /* SceneDelegate.swift */ = {isa = PBXFileReference; lastKnownFileType = sourcecode.swift; path = SceneDelegate.swift; sourceTree = "<group>"; };
		4BB9656427D08F4600E41D0C /* Base */ = {isa = PBXFileReference; lastKnownFileType = file.storyboard; name = Base; path = Base.lproj/Main.storyboard; sourceTree = "<group>"; };
		4BB9656627D08F4800E41D0C /* Assets.xcassets */ = {isa = PBXFileReference; lastKnownFileType = folder.assetcatalog; path = Assets.xcassets; sourceTree = "<group>"; };
		4BB9656927D08F4800E41D0C /* Base */ = {isa = PBXFileReference; lastKnownFileType = file.storyboard; name = Base; path = Base.lproj/LaunchScreen.storyboard; sourceTree = "<group>"; };
		4BB9656B27D08F4800E41D0C /* Info.plist */ = {isa = PBXFileReference; lastKnownFileType = text.plist.xml; path = Info.plist; sourceTree = "<group>"; };
		4BB9657227D0BCF700E41D0C /* HomeViewController.swift */ = {isa = PBXFileReference; lastKnownFileType = sourcecode.swift; path = HomeViewController.swift; sourceTree = "<group>"; };
		4BB9657427D0BD8D00E41D0C /* TownViewController.swift */ = {isa = PBXFileReference; lastKnownFileType = sourcecode.swift; path = TownViewController.swift; sourceTree = "<group>"; };
		4BB9657627D0BD9800E41D0C /* NearbyViewController.swift */ = {isa = PBXFileReference; lastKnownFileType = sourcecode.swift; path = NearbyViewController.swift; sourceTree = "<group>"; };
		4BB9657827D0BDAB00E41D0C /* ChattingViewController.swift */ = {isa = PBXFileReference; lastKnownFileType = sourcecode.swift; path = ChattingViewController.swift; sourceTree = "<group>"; };
		4BB9657A27D0BDBB00E41D0C /* MyViewController.swift */ = {isa = PBXFileReference; lastKnownFileType = sourcecode.swift; path = MyViewController.swift; sourceTree = "<group>"; };
		4BBAD4EC27FBFD6A00B7381A /* ProductDetailResponse.swift */ = {isa = PBXFileReference; lastKnownFileType = sourcecode.swift; path = ProductDetailResponse.swift; sourceTree = "<group>"; };
		4BBAD4F027FBFD8A00B7381A /* ProductDetailDataManager.swift */ = {isa = PBXFileReference; lastKnownFileType = sourcecode.swift; path = ProductDetailDataManager.swift; sourceTree = "<group>"; };
		4BBAD4F327FC2A2C00B7381A /* HeartViewController.swift */ = {isa = PBXFileReference; lastKnownFileType = sourcecode.swift; path = HeartViewController.swift; sourceTree = "<group>"; };
		4BBAD4F727FC2C8F00B7381A /* LoadHeartResponse.swift */ = {isa = PBXFileReference; lastKnownFileType = sourcecode.swift; path = LoadHeartResponse.swift; sourceTree = "<group>"; };
		4BBAD4FB27FC2D7300B7381A /* HeartDataManager.swift */ = {isa = PBXFileReference; lastKnownFileType = sourcecode.swift; path = HeartDataManager.swift; sourceTree = "<group>"; };
		4BBAD4FE27FC304400B7381A /* HeartListTableViewCell.swift */ = {isa = PBXFileReference; lastKnownFileType = sourcecode.swift; path = HeartListTableViewCell.swift; sourceTree = "<group>"; };
		4BBAD4FF27FC304400B7381A /* HeartListTableViewCell.xib */ = {isa = PBXFileReference; lastKnownFileType = file.xib; path = HeartListTableViewCell.xib; sourceTree = "<group>"; };
		4BBAD50227FC398900B7381A /* AddHeartRequest.swift */ = {isa = PBXFileReference; lastKnownFileType = sourcecode.swift; path = AddHeartRequest.swift; sourceTree = "<group>"; };
		4BBAD50427FC39E100B7381A /* AddHeartResponse.swift */ = {isa = PBXFileReference; lastKnownFileType = sourcecode.swift; path = AddHeartResponse.swift; sourceTree = "<group>"; };
		4BBAD506280007FE00B7381A /* DeleteHeartResponse.swift */ = {isa = PBXFileReference; lastKnownFileType = sourcecode.swift; path = DeleteHeartResponse.swift; sourceTree = "<group>"; };
		4BBAD5082800088000B7381A /* DeleteHeartRequest.swift */ = {isa = PBXFileReference; lastKnownFileType = sourcecode.swift; path = DeleteHeartRequest.swift; sourceTree = "<group>"; };
		4BBAD5142804176400B7381A /* SoldViewController.swift */ = {isa = PBXFileReference; lastKnownFileType = sourcecode.swift; path = SoldViewController.swift; sourceTree = "<group>"; };
		4BBAD5162804177000B7381A /* firstSoldViewController.swift */ = {isa = PBXFileReference; lastKnownFileType = sourcecode.swift; path = firstSoldViewController.swift; sourceTree = "<group>"; };
		4BBAD5182804178000B7381A /* secondSoldViewController.swift */ = {isa = PBXFileReference; lastKnownFileType = sourcecode.swift; path = secondSoldViewController.swift; sourceTree = "<group>"; };
		4BBAD51A2804178D00B7381A /* thirdSoldViewController.swift */ = {isa = PBXFileReference; lastKnownFileType = sourcecode.swift; path = thirdSoldViewController.swift; sourceTree = "<group>"; };
		4BBAD51F28041E6500B7381A /* SellProductResponse.swift */ = {isa = PBXFileReference; lastKnownFileType = sourcecode.swift; path = SellProductResponse.swift; sourceTree = "<group>"; };
		4BBAD521280421C000B7381A /* SellProductDataManager.swift */ = {isa = PBXFileReference; lastKnownFileType = sourcecode.swift; path = SellProductDataManager.swift; sourceTree = "<group>"; };
		4BBAD5242804232500B7381A /* SellProductTableViewCell.swift */ = {isa = PBXFileReference; lastKnownFileType = sourcecode.swift; path = SellProductTableViewCell.swift; sourceTree = "<group>"; };
		4BBAD5252804232500B7381A /* SellProductTableViewCell.xib */ = {isa = PBXFileReference; lastKnownFileType = file.xib; path = SellProductTableViewCell.xib; sourceTree = "<group>"; };
		4BBE4EC327F03F4300E08165 /* SelectProductCategoryViewController.swift */ = {isa = PBXFileReference; lastKnownFileType = sourcecode.swift; path = SelectProductCategoryViewController.swift; sourceTree = "<group>"; };
		4BBE4EC827F07B3A00E08165 /* ShowListResponse.swift */ = {isa = PBXFileReference; lastKnownFileType = sourcecode.swift; path = ShowListResponse.swift; sourceTree = "<group>"; };
		4BBE4ECA27F07B4700E08165 /* ShowListDataManager.swift */ = {isa = PBXFileReference; lastKnownFileType = sourcecode.swift; path = ShowListDataManager.swift; sourceTree = "<group>"; };
		4BBE4ED027F1A6D600E08165 /* LoadImageDataManager.swift */ = {isa = PBXFileReference; lastKnownFileType = sourcecode.swift; path = LoadImageDataManager.swift; sourceTree = "<group>"; };
		4BD6D2C727E1C690004B71B3 /* PhoneCertificationResponse.swift */ = {isa = PBXFileReference; lastKnownFileType = sourcecode.swift; path = PhoneCertificationResponse.swift; sourceTree = "<group>"; };
		4BD6D2C927E1C718004B71B3 /* PhoneCertificationDataManager.swift */ = {isa = PBXFileReference; lastKnownFileType = sourcecode.swift; path = PhoneCertificationDataManager.swift; sourceTree = "<group>"; };
		4BD6D2CB27E1D3A2004B71B3 /* PhoneCertificationConfirmDataManager.swift */ = {isa = PBXFileReference; lastKnownFileType = sourcecode.swift; path = PhoneCertificationConfirmDataManager.swift; sourceTree = "<group>"; };
		4BD6D2CD27E1D3B2004B71B3 /* PhoneCertificationConfirmResponse.swift */ = {isa = PBXFileReference; lastKnownFileType = sourcecode.swift; path = PhoneCertificationConfirmResponse.swift; sourceTree = "<group>"; };
		4BD6D2CF27E1D415004B71B3 /* PhoneCertificationConfirmRequest.swift */ = {isa = PBXFileReference; lastKnownFileType = sourcecode.swift; path = PhoneCertificationConfirmRequest.swift; sourceTree = "<group>"; };
		4BD6D2D427E32C55004B71B3 /* LogInRequest.swift */ = {isa = PBXFileReference; lastKnownFileType = sourcecode.swift; path = LogInRequest.swift; sourceTree = "<group>"; };
		4BD6D2D627E32C60004B71B3 /* LogInResponse.swift */ = {isa = PBXFileReference; lastKnownFileType = sourcecode.swift; path = LogInResponse.swift; sourceTree = "<group>"; };
		4BD6D2D827E32C72004B71B3 /* LogInDataManager.swift */ = {isa = PBXFileReference; lastKnownFileType = sourcecode.swift; path = LogInDataManager.swift; sourceTree = "<group>"; };
		4BD6D2DB27E486A6004B71B3 /* SignUpRequest.swift */ = {isa = PBXFileReference; lastKnownFileType = sourcecode.swift; path = SignUpRequest.swift; sourceTree = "<group>"; };
		4BD6D2DD27E486EF004B71B3 /* SignUpResponse.swift */ = {isa = PBXFileReference; lastKnownFileType = sourcecode.swift; path = SignUpResponse.swift; sourceTree = "<group>"; };
		4BD6D2DF27E4870E004B71B3 /* SignUpDataManager.swift */ = {isa = PBXFileReference; lastKnownFileType = sourcecode.swift; path = SignUpDataManager.swift; sourceTree = "<group>"; };
		4BD6D2E127E9DF3C004B71B3 /* UserInfo.swift */ = {isa = PBXFileReference; lastKnownFileType = sourcecode.swift; path = UserInfo.swift; sourceTree = "<group>"; };
		64DA35772DE1445F08CEC289 /* Pods_carrot_market_clona_ios.framework */ = {isa = PBXFileReference; explicitFileType = wrapper.framework; includeInIndex = 0; path = Pods_carrot_market_clona_ios.framework; sourceTree = BUILT_PRODUCTS_DIR; };
		B156CE90733864C60C1AB560 /* Pods-carrot_market_clona_ios.debug.xcconfig */ = {isa = PBXFileReference; includeInIndex = 1; lastKnownFileType = text.xcconfig; name = "Pods-carrot_market_clona_ios.debug.xcconfig"; path = "Target Support Files/Pods-carrot_market_clona_ios/Pods-carrot_market_clona_ios.debug.xcconfig"; sourceTree = "<group>"; };
/* End PBXFileReference section */

/* Begin PBXFrameworksBuildPhase section */
		4BB9655727D08F4600E41D0C /* Frameworks */ = {
			isa = PBXFrameworksBuildPhase;
			buildActionMask = 2147483647;
			files = (
				AB17B22F38F6024D96EB0A14 /* Pods_carrot_market_clona_ios.framework in Frameworks */,
			);
			runOnlyForDeploymentPostprocessing = 0;
		};
/* End PBXFrameworksBuildPhase section */

/* Begin PBXGroup section */
		4B314AC827F2D89A00ABC0BF /* Product */ = {
			isa = PBXGroup;
			children = (
				4B91241F27E05E7E0052D546 /* AddProductViewController.swift */,
				4BBE4EC327F03F4300E08165 /* SelectProductCategoryViewController.swift */,
				4B314AC927F2D8B300ABC0BF /* ProductDetailViewController.swift */,
			);
			path = Product;
			sourceTree = "<group>";
		};
		4B314ACB27F44BA200ABC0BF /* RegisterProduct */ = {
			isa = PBXGroup;
			children = (
				4B314ACC27F44BC600ABC0BF /* RegisterProductResponse.swift */,
				4B314ACE27F44BD600ABC0BF /* RegisterProductRequest.swift */,
				4B314AD027F44BE500ABC0BF /* RegisterProductDataManager.swift */,
			);
			path = RegisterProduct;
			sourceTree = "<group>";
		};
		4B314AD227F6E67D00ABC0BF /* ProductDetailCell */ = {
			isa = PBXGroup;
			children = (
				4B314AD327F6E6A800ABC0BF /* firstProductDetailTableViewCell.swift */,
				4B314AD427F6E6A800ABC0BF /* firstProductDetailTableViewCell.xib */,
				4B314AD727F6E6D500ABC0BF /* secondProductDetailTableViewCell.swift */,
				4B314AD827F6E6D500ABC0BF /* secondProductDetailTableViewCell.xib */,
				4B314ADB27F6E6E300ABC0BF /* thirdProductDetailTableViewCell.swift */,
				4B314ADC27F6E6E300ABC0BF /* thirdProductDetailTableViewCell.xib */,
				4B314ADF27F6E70100ABC0BF /* firthProductDetailTableViewCell.swift */,
				4B314AE027F6E70100ABC0BF /* firthProductDetailTableViewCell.xib */,
				4B314AE327F6E71000ABC0BF /* fifthProductDetailTableViewCell.swift */,
				4B314AE427F6E71000ABC0BF /* fifthProductDetailTableViewCell.xib */,
			);
			path = ProductDetailCell;
			sourceTree = "<group>";
		};
		4B9123EF27D602730052D546 /* MyViewController */ = {
			isa = PBXGroup;
			children = (
				4B9123F027D6030C0052D546 /* MyViewFirstSectionTableViewCell.swift */,
				4B9123F127D6030C0052D546 /* MyViewFirstSectionTableViewCell.xib */,
				4B9123F427D6031D0052D546 /* MyViewSecondSectionTableViewCell.swift */,
				4B9123F527D6031D0052D546 /* MyViewSecondSectionTableViewCell.xib */,
				4BBAD4FD27FC300A00B7381A /* HeartViewController */,
			);
			path = MyViewController;
			sourceTree = "<group>";
		};
		4B91240827D6046D0052D546 /* Model */ = {
			isa = PBXGroup;
			children = (
				4B91240927D604870052D546 /* MyCarrotCellList.swift */,
				4BD6D2E127E9DF3C004B71B3 /* UserInfo.swift */,
			);
			path = Model;
			sourceTree = "<group>";
		};
		4B91240D27D9BC900052D546 /* TabbarControllerPage */ = {
			isa = PBXGroup;
			children = (
				4B91241C27E055540052D546 /* HomeView */,
				4BB9657427D0BD8D00E41D0C /* TownViewController.swift */,
				4BB9657627D0BD9800E41D0C /* NearbyViewController.swift */,
				4BB9657827D0BDAB00E41D0C /* ChattingViewController.swift */,
				4BBAD4F227FC2A0800B7381A /* MyView */,
			);
			path = TabbarControllerPage;
			sourceTree = "<group>";
		};
		4B91240E27D9BCAA0052D546 /* StartPage */ = {
			isa = PBXGroup;
			children = (
				4B91240B27D746EA0052D546 /* SetLocationViewController.swift */,
				4B91240F27D9BCF00052D546 /* StartViewController.swift */,
				4B91241127D9BD080052D546 /* PhoneAutentificationViewController.swift */,
				4B91241827D9F80F0052D546 /* PhoneAutentificationSignInStateViewController.swift */,
				4B91241A27DF26180052D546 /* SetProfileViewController.swift */,
			);
			path = StartPage;
			sourceTree = "<group>";
		};
		4B91241327D9E7A70052D546 /* SetLocationViewController */ = {
			isa = PBXGroup;
			children = (
				4B91241427D9E7DE0052D546 /* SetLocationViewTableViewCell.swift */,
				4B91241527D9E7DE0052D546 /* SetLocationViewTableViewCell.xib */,
			);
			path = SetLocationViewController;
			sourceTree = "<group>";
		};
		4B91241C27E055540052D546 /* HomeView */ = {
			isa = PBXGroup;
			children = (
				4B314AC827F2D89A00ABC0BF /* Product */,
				4BB9657227D0BCF700E41D0C /* HomeViewController.swift */,
				4B91241D27E055740052D546 /* SelectHomeDetailViewController.swift */,
			);
			path = HomeView;
			sourceTree = "<group>";
		};
		4BA63E8327D33927003DDEF0 /* xib */ = {
			isa = PBXGroup;
			children = (
				4BA63E8427D33941003DDEF0 /* HomeViewController */,
				4BA63E8927D33EFD003DDEF0 /* TownViewController */,
				4BA63E8E27D35A86003DDEF0 /* ChattingViewController */,
				4B9123EF27D602730052D546 /* MyViewController */,
				4B91241327D9E7A70052D546 /* SetLocationViewController */,
			);
			path = xib;
			sourceTree = "<group>";
		};
		4BA63E8427D33941003DDEF0 /* HomeViewController */ = {
			isa = PBXGroup;
			children = (
				4BBAD5232804230100B7381A /* SellProductCell */,
				4B314AD227F6E67D00ABC0BF /* ProductDetailCell */,
				4BA63E8527D33976003DDEF0 /* HomeViewTableViewCell.swift */,
				4BA63E8627D33976003DDEF0 /* HomeViewTableViewCell.xib */,
			);
			path = HomeViewController;
			sourceTree = "<group>";
		};
		4BA63E8927D33EFD003DDEF0 /* TownViewController */ = {
			isa = PBXGroup;
			children = (
				4BA63E8A27D33F27003DDEF0 /* TownViewTableViewCell.swift */,
				4BA63E8B27D33F27003DDEF0 /* TownViewTableViewCell.xib */,
			);
			path = TownViewController;
			sourceTree = "<group>";
		};
		4BA63E8E27D35A86003DDEF0 /* ChattingViewController */ = {
			isa = PBXGroup;
			children = (
				4BA63E8F27D35AAB003DDEF0 /* ChattingViewTableViewCell.swift */,
				4BA63E9027D35AAB003DDEF0 /* ChattingViewTableViewCell.xib */,
			);
			path = ChattingViewController;
			sourceTree = "<group>";
		};
		4BB9655127D08F4600E41D0C = {
			isa = PBXGroup;
			children = (
				4BB9655C27D08F4600E41D0C /* carrot_market_clona_ios */,
				4BB9655B27D08F4600E41D0C /* Products */,
				EA2C800AE66E67C9CF3B9A41 /* Pods */,
				B6496F0F3BF30E55E042045C /* Frameworks */,
			);
			sourceTree = "<group>";
		};
		4BB9655B27D08F4600E41D0C /* Products */ = {
			isa = PBXGroup;
			children = (
				4BB9655A27D08F4600E41D0C /* carrot_market_clona_ios.app */,
			);
			name = Products;
			sourceTree = "<group>";
		};
		4BB9655C27D08F4600E41D0C /* carrot_market_clona_ios */ = {
			isa = PBXGroup;
			children = (
				4BB9655D27D08F4600E41D0C /* AppDelegate.swift */,
				4BB9655F27D08F4600E41D0C /* SceneDelegate.swift */,
				4BD6D2C327E1C5D6004B71B3 /* Network */,
				4B91240827D6046D0052D546 /* Model */,
				4BB9657127D0BC3B00E41D0C /* viewcontroller */,
				4BA63E8327D33927003DDEF0 /* xib */,
				4BB9656327D08F4600E41D0C /* Main.storyboard */,
				4BB9656827D08F4800E41D0C /* LaunchScreen.storyboard */,
				4BB9656627D08F4800E41D0C /* Assets.xcassets */,
				4BB9656B27D08F4800E41D0C /* Info.plist */,
			);
			path = carrot_market_clona_ios;
			sourceTree = "<group>";
		};
		4BB9657127D0BC3B00E41D0C /* viewcontroller */ = {
			isa = PBXGroup;
			children = (
				4B91240D27D9BC900052D546 /* TabbarControllerPage */,
				4B91240E27D9BCAA0052D546 /* StartPage */,
			);
			path = viewcontroller;
			sourceTree = "<group>";
		};
		4BBAD4EB27FBFD5700B7381A /* ProductDetail */ = {
			isa = PBXGroup;
			children = (
				4BBAD4EC27FBFD6A00B7381A /* ProductDetailResponse.swift */,
				4BBAD4F027FBFD8A00B7381A /* ProductDetailDataManager.swift */,
			);
			path = ProductDetail;
			sourceTree = "<group>";
		};
		4BBAD4F227FC2A0800B7381A /* MyView */ = {
			isa = PBXGroup;
			children = (
				4BBAD5132804173300B7381A /* soldList */,
				4BB9657A27D0BDBB00E41D0C /* MyViewController.swift */,
				4BBAD4F327FC2A2C00B7381A /* HeartViewController.swift */,
			);
			path = MyView;
			sourceTree = "<group>";
		};
		4BBAD4F527FC2C5E00B7381A /* My */ = {
			isa = PBXGroup;
			children = (
				4BBAD51C28041E2200B7381A /* SoldProduct */,
				4BBAD4F627FC2C7900B7381A /* Heart */,
			);
			path = My;
			sourceTree = "<group>";
		};
		4BBAD4F627FC2C7900B7381A /* Heart */ = {
			isa = PBXGroup;
			children = (
				4BBAD4F727FC2C8F00B7381A /* LoadHeartResponse.swift */,
				4BBAD4FB27FC2D7300B7381A /* HeartDataManager.swift */,
				4BBAD50227FC398900B7381A /* AddHeartRequest.swift */,
				4BBAD50427FC39E100B7381A /* AddHeartResponse.swift */,
				4BBAD506280007FE00B7381A /* DeleteHeartResponse.swift */,
				4BBAD5082800088000B7381A /* DeleteHeartRequest.swift */,
			);
			path = Heart;
			sourceTree = "<group>";
		};
		4BBAD4FD27FC300A00B7381A /* HeartViewController */ = {
			isa = PBXGroup;
			children = (
				4BBAD4FE27FC304400B7381A /* HeartListTableViewCell.swift */,
				4BBAD4FF27FC304400B7381A /* HeartListTableViewCell.xib */,
			);
			path = HeartViewController;
			sourceTree = "<group>";
		};
		4BBAD5132804173300B7381A /* soldList */ = {
			isa = PBXGroup;
			children = (
				4BBAD5142804176400B7381A /* SoldViewController.swift */,
				4BBAD5162804177000B7381A /* firstSoldViewController.swift */,
				4BBAD5182804178000B7381A /* secondSoldViewController.swift */,
				4BBAD51A2804178D00B7381A /* thirdSoldViewController.swift */,
			);
			path = soldList;
			sourceTree = "<group>";
		};
		4BBAD51C28041E2200B7381A /* SoldProduct */ = {
			isa = PBXGroup;
			children = (
				4BBAD51F28041E6500B7381A /* SellProductResponse.swift */,
				4BBAD521280421C000B7381A /* SellProductDataManager.swift */,
			);
			path = SoldProduct;
			sourceTree = "<group>";
		};
		4BBAD5232804230100B7381A /* SellProductCell */ = {
			isa = PBXGroup;
			children = (
				4BBAD5242804232500B7381A /* SellProductTableViewCell.swift */,
				4BBAD5252804232500B7381A /* SellProductTableViewCell.xib */,
			);
			path = SellProductCell;
			sourceTree = "<group>";
		};
		4BBE4EC227F027DD00E08165 /* Profile */ = {
			isa = PBXGroup;
			children = (
				4BBE4ED027F1A6D600E08165 /* LoadImageDataManager.swift */,
			);
			path = Profile;
			sourceTree = "<group>";
		};
		4BBE4EC527F07ABB00E08165 /* Product */ = {
			isa = PBXGroup;
			children = (
				4BBAD4EB27FBFD5700B7381A /* ProductDetail */,
				4B314ACB27F44BA200ABC0BF /* RegisterProduct */,
				4BBE4EC727F07B1600E08165 /* ShowList */,
			);
			path = Product;
			sourceTree = "<group>";
		};
		4BBE4EC727F07B1600E08165 /* ShowList */ = {
			isa = PBXGroup;
			children = (
				4BBE4EC827F07B3A00E08165 /* ShowListResponse.swift */,
				4BBE4ECA27F07B4700E08165 /* ShowListDataManager.swift */,
			);
			path = ShowList;
			sourceTree = "<group>";
		};
		4BD6D2C327E1C5D6004B71B3 /* Network */ = {
			isa = PBXGroup;
			children = (
				4BBAD4F527FC2C5E00B7381A /* My */,
				4BBE4EC527F07ABB00E08165 /* Product */,
				4BD6D2C427E1C60E004B71B3 /* SignIn,LogIn */,
			);
			path = Network;
			sourceTree = "<group>";
		};
		4BD6D2C427E1C60E004B71B3 /* SignIn,LogIn */ = {
			isa = PBXGroup;
			children = (
				4BD6D2C527E1C632004B71B3 /* SignIn */,
			);
			path = "SignIn,LogIn";
			sourceTree = "<group>";
		};
		4BD6D2C527E1C632004B71B3 /* SignIn */ = {
			isa = PBXGroup;
			children = (
				4BBE4EC227F027DD00E08165 /* Profile */,
				4BD6D2DA27E48682004B71B3 /* SignUp */,
				4BD6D2D327E32C39004B71B3 /* logIn */,
				4BD6D2D227E1F785004B71B3 /* phoneCertificationConfirm */,
				4BD6D2D127E1F773004B71B3 /* phoneCertificaition */,
			);
			path = SignIn;
			sourceTree = "<group>";
		};
		4BD6D2D127E1F773004B71B3 /* phoneCertificaition */ = {
			isa = PBXGroup;
			children = (
				4BD6D2C727E1C690004B71B3 /* PhoneCertificationResponse.swift */,
				4BD6D2C927E1C718004B71B3 /* PhoneCertificationDataManager.swift */,
			);
			path = phoneCertificaition;
			sourceTree = "<group>";
		};
		4BD6D2D227E1F785004B71B3 /* phoneCertificationConfirm */ = {
			isa = PBXGroup;
			children = (
				4BD6D2CB27E1D3A2004B71B3 /* PhoneCertificationConfirmDataManager.swift */,
				4BD6D2CD27E1D3B2004B71B3 /* PhoneCertificationConfirmResponse.swift */,
				4BD6D2CF27E1D415004B71B3 /* PhoneCertificationConfirmRequest.swift */,
			);
			path = phoneCertificationConfirm;
			sourceTree = "<group>";
		};
		4BD6D2D327E32C39004B71B3 /* logIn */ = {
			isa = PBXGroup;
			children = (
				4BD6D2D427E32C55004B71B3 /* LogInRequest.swift */,
				4BD6D2D627E32C60004B71B3 /* LogInResponse.swift */,
				4BD6D2D827E32C72004B71B3 /* LogInDataManager.swift */,
			);
			path = logIn;
			sourceTree = "<group>";
		};
		4BD6D2DA27E48682004B71B3 /* SignUp */ = {
			isa = PBXGroup;
			children = (
				4BD6D2DB27E486A6004B71B3 /* SignUpRequest.swift */,
				4BD6D2DD27E486EF004B71B3 /* SignUpResponse.swift */,
				4BD6D2DF27E4870E004B71B3 /* SignUpDataManager.swift */,
			);
			path = SignUp;
			sourceTree = "<group>";
		};
		B6496F0F3BF30E55E042045C /* Frameworks */ = {
			isa = PBXGroup;
			children = (
				64DA35772DE1445F08CEC289 /* Pods_carrot_market_clona_ios.framework */,
			);
			name = Frameworks;
			sourceTree = "<group>";
		};
		EA2C800AE66E67C9CF3B9A41 /* Pods */ = {
			isa = PBXGroup;
			children = (
				B156CE90733864C60C1AB560 /* Pods-carrot_market_clona_ios.debug.xcconfig */,
				00AD4E91B3E7F1BFC09913F5 /* Pods-carrot_market_clona_ios.release.xcconfig */,
			);
			path = Pods;
			sourceTree = "<group>";
		};
/* End PBXGroup section */

/* Begin PBXNativeTarget section */
		4BB9655927D08F4600E41D0C /* carrot_market_clona_ios */ = {
			isa = PBXNativeTarget;
			buildConfigurationList = 4BB9656E27D08F4800E41D0C /* Build configuration list for PBXNativeTarget "carrot_market_clona_ios" */;
			buildPhases = (
				3FB718D6569F2E89A92432D6 /* [CP] Check Pods Manifest.lock */,
				4BB9655627D08F4600E41D0C /* Sources */,
				4BB9655727D08F4600E41D0C /* Frameworks */,
				4BB9655827D08F4600E41D0C /* Resources */,
				202A6C2716AF3AFA047F5640 /* [CP] Embed Pods Frameworks */,
			);
			buildRules = (
			);
			dependencies = (
			);
			name = carrot_market_clona_ios;
			productName = carrot_market_clona_ios;
			productReference = 4BB9655A27D08F4600E41D0C /* carrot_market_clona_ios.app */;
			productType = "com.apple.product-type.application";
		};
/* End PBXNativeTarget section */

/* Begin PBXProject section */
		4BB9655227D08F4600E41D0C /* Project object */ = {
			isa = PBXProject;
			attributes = {
				BuildIndependentTargetsInParallel = 1;
				LastSwiftUpdateCheck = 1320;
				LastUpgradeCheck = 1320;
				TargetAttributes = {
					4BB9655927D08F4600E41D0C = {
						CreatedOnToolsVersion = 13.2.1;
					};
				};
			};
			buildConfigurationList = 4BB9655527D08F4600E41D0C /* Build configuration list for PBXProject "carrot_market_clona_ios" */;
			compatibilityVersion = "Xcode 13.0";
			developmentRegion = en;
			hasScannedForEncodings = 0;
			knownRegions = (
				en,
				Base,
			);
			mainGroup = 4BB9655127D08F4600E41D0C;
			productRefGroup = 4BB9655B27D08F4600E41D0C /* Products */;
			projectDirPath = "";
			projectRoot = "";
			targets = (
				4BB9655927D08F4600E41D0C /* carrot_market_clona_ios */,
			);
		};
/* End PBXProject section */

/* Begin PBXResourcesBuildPhase section */
		4BB9655827D08F4600E41D0C /* Resources */ = {
			isa = PBXResourcesBuildPhase;
			buildActionMask = 2147483647;
			files = (
				4B314AE227F6E70100ABC0BF /* firthProductDetailTableViewCell.xib in Resources */,
				4BBAD5272804232500B7381A /* SellProductTableViewCell.xib in Resources */,
				4BB9656A27D08F4800E41D0C /* LaunchScreen.storyboard in Resources */,
				4BA63E8827D33976003DDEF0 /* HomeViewTableViewCell.xib in Resources */,
				4B9123F727D6031D0052D546 /* MyViewSecondSectionTableViewCell.xib in Resources */,
				4B314ADA27F6E6D500ABC0BF /* secondProductDetailTableViewCell.xib in Resources */,
				4B9123F327D6030C0052D546 /* MyViewFirstSectionTableViewCell.xib in Resources */,
				4BBAD50127FC304400B7381A /* HeartListTableViewCell.xib in Resources */,
				4B91241727D9E7DE0052D546 /* SetLocationViewTableViewCell.xib in Resources */,
				4B314ADE27F6E6E300ABC0BF /* thirdProductDetailTableViewCell.xib in Resources */,
				4B314AE627F6E71000ABC0BF /* fifthProductDetailTableViewCell.xib in Resources */,
				4BA63E9227D35AAB003DDEF0 /* ChattingViewTableViewCell.xib in Resources */,
				4BB9656727D08F4800E41D0C /* Assets.xcassets in Resources */,
				4B314AD627F6E6A800ABC0BF /* firstProductDetailTableViewCell.xib in Resources */,
				4BB9656527D08F4600E41D0C /* Main.storyboard in Resources */,
				4BA63E8D27D33F27003DDEF0 /* TownViewTableViewCell.xib in Resources */,
			);
			runOnlyForDeploymentPostprocessing = 0;
		};
/* End PBXResourcesBuildPhase section */

/* Begin PBXShellScriptBuildPhase section */
		202A6C2716AF3AFA047F5640 /* [CP] Embed Pods Frameworks */ = {
			isa = PBXShellScriptBuildPhase;
			buildActionMask = 2147483647;
			files = (
			);
			inputFileListPaths = (
				"${PODS_ROOT}/Target Support Files/Pods-carrot_market_clona_ios/Pods-carrot_market_clona_ios-frameworks-${CONFIGURATION}-input-files.xcfilelist",
			);
			name = "[CP] Embed Pods Frameworks";
			outputFileListPaths = (
				"${PODS_ROOT}/Target Support Files/Pods-carrot_market_clona_ios/Pods-carrot_market_clona_ios-frameworks-${CONFIGURATION}-output-files.xcfilelist",
			);
			runOnlyForDeploymentPostprocessing = 0;
			shellPath = /bin/sh;
			shellScript = "\"${PODS_ROOT}/Target Support Files/Pods-carrot_market_clona_ios/Pods-carrot_market_clona_ios-frameworks.sh\"\n";
			showEnvVarsInLog = 0;
		};
		3FB718D6569F2E89A92432D6 /* [CP] Check Pods Manifest.lock */ = {
			isa = PBXShellScriptBuildPhase;
			buildActionMask = 2147483647;
			files = (
			);
			inputFileListPaths = (
			);
			inputPaths = (
				"${PODS_PODFILE_DIR_PATH}/Podfile.lock",
				"${PODS_ROOT}/Manifest.lock",
			);
			name = "[CP] Check Pods Manifest.lock";
			outputFileListPaths = (
			);
			outputPaths = (
				"$(DERIVED_FILE_DIR)/Pods-carrot_market_clona_ios-checkManifestLockResult.txt",
			);
			runOnlyForDeploymentPostprocessing = 0;
			shellPath = /bin/sh;
			shellScript = "diff \"${PODS_PODFILE_DIR_PATH}/Podfile.lock\" \"${PODS_ROOT}/Manifest.lock\" > /dev/null\nif [ $? != 0 ] ; then\n    # print error to STDERR\n    echo \"error: The sandbox is not in sync with the Podfile.lock. Run 'pod install' or update your CocoaPods installation.\" >&2\n    exit 1\nfi\n# This output is used by Xcode 'outputs' to avoid re-running this script phase.\necho \"SUCCESS\" > \"${SCRIPT_OUTPUT_FILE_0}\"\n";
			showEnvVarsInLog = 0;
		};
/* End PBXShellScriptBuildPhase section */

/* Begin PBXSourcesBuildPhase section */
		4BB9655627D08F4600E41D0C /* Sources */ = {
			isa = PBXSourcesBuildPhase;
			buildActionMask = 2147483647;
			files = (
				4BB9657927D0BDAB00E41D0C /* ChattingViewController.swift in Sources */,
				4BD6D2CC27E1D3A2004B71B3 /* PhoneCertificationConfirmDataManager.swift in Sources */,
				4B314AE527F6E71000ABC0BF /* fifthProductDetailTableViewCell.swift in Sources */,
				4B91240A27D604870052D546 /* MyCarrotCellList.swift in Sources */,
				4BBAD51B2804178D00B7381A /* thirdSoldViewController.swift in Sources */,
				4BBE4EC427F03F4300E08165 /* SelectProductCategoryViewController.swift in Sources */,
				4B91241927D9F80F0052D546 /* PhoneAutentificationSignInStateViewController.swift in Sources */,
				4BBAD507280007FE00B7381A /* DeleteHeartResponse.swift in Sources */,
				4BB9655E27D08F4600E41D0C /* AppDelegate.swift in Sources */,
				4B314AD127F44BE500ABC0BF /* RegisterProductDataManager.swift in Sources */,
				4B91241627D9E7DE0052D546 /* SetLocationViewTableViewCell.swift in Sources */,
				4B9123F627D6031D0052D546 /* MyViewSecondSectionTableViewCell.swift in Sources */,
				4BBAD5092800088000B7381A /* DeleteHeartRequest.swift in Sources */,
				4BD6D2D027E1D415004B71B3 /* PhoneCertificationConfirmRequest.swift in Sources */,
				4BBAD50527FC39E100B7381A /* AddHeartResponse.swift in Sources */,
				4B314AE127F6E70100ABC0BF /* firthProductDetailTableViewCell.swift in Sources */,
				4BBAD4FC27FC2D7300B7381A /* HeartDataManager.swift in Sources */,
				4B314AD927F6E6D500ABC0BF /* secondProductDetailTableViewCell.swift in Sources */,
				4BD6D2E027E4870E004B71B3 /* SignUpDataManager.swift in Sources */,
				4BA63E9127D35AAB003DDEF0 /* ChattingViewTableViewCell.swift in Sources */,
				4BB9656027D08F4600E41D0C /* SceneDelegate.swift in Sources */,
				4BBE4EC927F07B3A00E08165 /* ShowListResponse.swift in Sources */,
				4BB9657B27D0BDBB00E41D0C /* MyViewController.swift in Sources */,
				4B314ACF27F44BD600ABC0BF /* RegisterProductRequest.swift in Sources */,
				4BA63E8C27D33F27003DDEF0 /* TownViewTableViewCell.swift in Sources */,
				4BBE4ED127F1A6D600E08165 /* LoadImageDataManager.swift in Sources */,
				4B9123F227D6030C0052D546 /* MyViewFirstSectionTableViewCell.swift in Sources */,
				4B314ACD27F44BC600ABC0BF /* RegisterProductResponse.swift in Sources */,
				4BBAD5172804177000B7381A /* firstSoldViewController.swift in Sources */,
				4B314ACA27F2D8B300ABC0BF /* ProductDetailViewController.swift in Sources */,
				4BBAD50327FC398900B7381A /* AddHeartRequest.swift in Sources */,
				4B91242027E05E7E0052D546 /* AddProductViewController.swift in Sources */,
				4BBAD50027FC304400B7381A /* HeartListTableViewCell.swift in Sources */,
				4BBAD52028041E6500B7381A /* SellProductResponse.swift in Sources */,
				4BD6D2CA27E1C718004B71B3 /* PhoneCertificationDataManager.swift in Sources */,
				4BD6D2CE27E1D3B2004B71B3 /* PhoneCertificationConfirmResponse.swift in Sources */,
				4B91241B27DF26180052D546 /* SetProfileViewController.swift in Sources */,
				4BB9657727D0BD9800E41D0C /* NearbyViewController.swift in Sources */,
				4BA63E8727D33976003DDEF0 /* HomeViewTableViewCell.swift in Sources */,
				4BD6D2D927E32C72004B71B3 /* LogInDataManager.swift in Sources */,
				4BD6D2DE27E486EF004B71B3 /* SignUpResponse.swift in Sources */,
				4BBAD522280421C000B7381A /* SellProductDataManager.swift in Sources */,
				4BD6D2D727E32C60004B71B3 /* LogInResponse.swift in Sources */,
				4BBAD4F127FBFD8A00B7381A /* ProductDetailDataManager.swift in Sources */,
				4BBAD5152804176400B7381A /* SoldViewController.swift in Sources */,
				4B91241027D9BCF00052D546 /* StartViewController.swift in Sources */,
				4BD6D2DC27E486A6004B71B3 /* SignUpRequest.swift in Sources */,
				4BBE4ECB27F07B4700E08165 /* ShowListDataManager.swift in Sources */,
				4B314ADD27F6E6E300ABC0BF /* thirdProductDetailTableViewCell.swift in Sources */,
				4B91241E27E055740052D546 /* SelectHomeDetailViewController.swift in Sources */,
				4B91241227D9BD080052D546 /* PhoneAutentificationViewController.swift in Sources */,
				4BB9657527D0BD8D00E41D0C /* TownViewController.swift in Sources */,
				4BBAD4F427FC2A2C00B7381A /* HeartViewController.swift in Sources */,
				4BBAD4ED27FBFD6A00B7381A /* ProductDetailResponse.swift in Sources */,
				4BD6D2E227E9DF3C004B71B3 /* UserInfo.swift in Sources */,
				4BBAD5262804232500B7381A /* SellProductTableViewCell.swift in Sources */,
				4B91240C27D746EA0052D546 /* SetLocationViewController.swift in Sources */,
				4BBAD4F827FC2C8F00B7381A /* LoadHeartResponse.swift in Sources */,
				4BD6D2C827E1C690004B71B3 /* PhoneCertificationResponse.swift in Sources */,
				4BB9657327D0BCF700E41D0C /* HomeViewController.swift in Sources */,
				4BD6D2D527E32C55004B71B3 /* LogInRequest.swift in Sources */,
				4B314AD527F6E6A800ABC0BF /* firstProductDetailTableViewCell.swift in Sources */,
				4BBAD5192804178000B7381A /* secondSoldViewController.swift in Sources */,
			);
			runOnlyForDeploymentPostprocessing = 0;
		};
/* End PBXSourcesBuildPhase section */

/* Begin PBXVariantGroup section */
		4BB9656327D08F4600E41D0C /* Main.storyboard */ = {
			isa = PBXVariantGroup;
			children = (
				4BB9656427D08F4600E41D0C /* Base */,
			);
			name = Main.storyboard;
			sourceTree = "<group>";
		};
		4BB9656827D08F4800E41D0C /* LaunchScreen.storyboard */ = {
			isa = PBXVariantGroup;
			children = (
				4BB9656927D08F4800E41D0C /* Base */,
			);
			name = LaunchScreen.storyboard;
			sourceTree = "<group>";
		};
/* End PBXVariantGroup section */

/* Begin XCBuildConfiguration section */
		4BB9656C27D08F4800E41D0C /* Debug */ = {
			isa = XCBuildConfiguration;
			buildSettings = {
				ALWAYS_SEARCH_USER_PATHS = NO;
				CLANG_ANALYZER_NONNULL = YES;
				CLANG_ANALYZER_NUMBER_OBJECT_CONVERSION = YES_AGGRESSIVE;
				CLANG_CXX_LANGUAGE_STANDARD = "gnu++17";
				CLANG_CXX_LIBRARY = "libc++";
				CLANG_ENABLE_MODULES = YES;
				CLANG_ENABLE_OBJC_ARC = YES;
				CLANG_ENABLE_OBJC_WEAK = YES;
				CLANG_WARN_BLOCK_CAPTURE_AUTORELEASING = YES;
				CLANG_WARN_BOOL_CONVERSION = YES;
				CLANG_WARN_COMMA = YES;
				CLANG_WARN_CONSTANT_CONVERSION = YES;
				CLANG_WARN_DEPRECATED_OBJC_IMPLEMENTATIONS = YES;
				CLANG_WARN_DIRECT_OBJC_ISA_USAGE = YES_ERROR;
				CLANG_WARN_DOCUMENTATION_COMMENTS = YES;
				CLANG_WARN_EMPTY_BODY = YES;
				CLANG_WARN_ENUM_CONVERSION = YES;
				CLANG_WARN_INFINITE_RECURSION = YES;
				CLANG_WARN_INT_CONVERSION = YES;
				CLANG_WARN_NON_LITERAL_NULL_CONVERSION = YES;
				CLANG_WARN_OBJC_IMPLICIT_RETAIN_SELF = YES;
				CLANG_WARN_OBJC_LITERAL_CONVERSION = YES;
				CLANG_WARN_OBJC_ROOT_CLASS = YES_ERROR;
				CLANG_WARN_QUOTED_INCLUDE_IN_FRAMEWORK_HEADER = YES;
				CLANG_WARN_RANGE_LOOP_ANALYSIS = YES;
				CLANG_WARN_STRICT_PROTOTYPES = YES;
				CLANG_WARN_SUSPICIOUS_MOVE = YES;
				CLANG_WARN_UNGUARDED_AVAILABILITY = YES_AGGRESSIVE;
				CLANG_WARN_UNREACHABLE_CODE = YES;
				CLANG_WARN__DUPLICATE_METHOD_MATCH = YES;
				COPY_PHASE_STRIP = NO;
				DEBUG_INFORMATION_FORMAT = dwarf;
				ENABLE_STRICT_OBJC_MSGSEND = YES;
				ENABLE_TESTABILITY = YES;
				GCC_C_LANGUAGE_STANDARD = gnu11;
				GCC_DYNAMIC_NO_PIC = NO;
				GCC_NO_COMMON_BLOCKS = YES;
				GCC_OPTIMIZATION_LEVEL = 0;
				GCC_PREPROCESSOR_DEFINITIONS = (
					"DEBUG=1",
					"$(inherited)",
				);
				GCC_WARN_64_TO_32_BIT_CONVERSION = YES;
				GCC_WARN_ABOUT_RETURN_TYPE = YES_ERROR;
				GCC_WARN_UNDECLARED_SELECTOR = YES;
				GCC_WARN_UNINITIALIZED_AUTOS = YES_AGGRESSIVE;
				GCC_WARN_UNUSED_FUNCTION = YES;
				GCC_WARN_UNUSED_VARIABLE = YES;
				IPHONEOS_DEPLOYMENT_TARGET = 15.2;
				MTL_ENABLE_DEBUG_INFO = INCLUDE_SOURCE;
				MTL_FAST_MATH = YES;
				ONLY_ACTIVE_ARCH = YES;
				SDKROOT = iphoneos;
				SWIFT_ACTIVE_COMPILATION_CONDITIONS = DEBUG;
				SWIFT_OPTIMIZATION_LEVEL = "-Onone";
			};
			name = Debug;
		};
		4BB9656D27D08F4800E41D0C /* Release */ = {
			isa = XCBuildConfiguration;
			buildSettings = {
				ALWAYS_SEARCH_USER_PATHS = NO;
				CLANG_ANALYZER_NONNULL = YES;
				CLANG_ANALYZER_NUMBER_OBJECT_CONVERSION = YES_AGGRESSIVE;
				CLANG_CXX_LANGUAGE_STANDARD = "gnu++17";
				CLANG_CXX_LIBRARY = "libc++";
				CLANG_ENABLE_MODULES = YES;
				CLANG_ENABLE_OBJC_ARC = YES;
				CLANG_ENABLE_OBJC_WEAK = YES;
				CLANG_WARN_BLOCK_CAPTURE_AUTORELEASING = YES;
				CLANG_WARN_BOOL_CONVERSION = YES;
				CLANG_WARN_COMMA = YES;
				CLANG_WARN_CONSTANT_CONVERSION = YES;
				CLANG_WARN_DEPRECATED_OBJC_IMPLEMENTATIONS = YES;
				CLANG_WARN_DIRECT_OBJC_ISA_USAGE = YES_ERROR;
				CLANG_WARN_DOCUMENTATION_COMMENTS = YES;
				CLANG_WARN_EMPTY_BODY = YES;
				CLANG_WARN_ENUM_CONVERSION = YES;
				CLANG_WARN_INFINITE_RECURSION = YES;
				CLANG_WARN_INT_CONVERSION = YES;
				CLANG_WARN_NON_LITERAL_NULL_CONVERSION = YES;
				CLANG_WARN_OBJC_IMPLICIT_RETAIN_SELF = YES;
				CLANG_WARN_OBJC_LITERAL_CONVERSION = YES;
				CLANG_WARN_OBJC_ROOT_CLASS = YES_ERROR;
				CLANG_WARN_QUOTED_INCLUDE_IN_FRAMEWORK_HEADER = YES;
				CLANG_WARN_RANGE_LOOP_ANALYSIS = YES;
				CLANG_WARN_STRICT_PROTOTYPES = YES;
				CLANG_WARN_SUSPICIOUS_MOVE = YES;
				CLANG_WARN_UNGUARDED_AVAILABILITY = YES_AGGRESSIVE;
				CLANG_WARN_UNREACHABLE_CODE = YES;
				CLANG_WARN__DUPLICATE_METHOD_MATCH = YES;
				COPY_PHASE_STRIP = NO;
				DEBUG_INFORMATION_FORMAT = "dwarf-with-dsym";
				ENABLE_NS_ASSERTIONS = NO;
				ENABLE_STRICT_OBJC_MSGSEND = YES;
				GCC_C_LANGUAGE_STANDARD = gnu11;
				GCC_NO_COMMON_BLOCKS = YES;
				GCC_WARN_64_TO_32_BIT_CONVERSION = YES;
				GCC_WARN_ABOUT_RETURN_TYPE = YES_ERROR;
				GCC_WARN_UNDECLARED_SELECTOR = YES;
				GCC_WARN_UNINITIALIZED_AUTOS = YES_AGGRESSIVE;
				GCC_WARN_UNUSED_FUNCTION = YES;
				GCC_WARN_UNUSED_VARIABLE = YES;
				IPHONEOS_DEPLOYMENT_TARGET = 15.2;
				MTL_ENABLE_DEBUG_INFO = NO;
				MTL_FAST_MATH = YES;
				SDKROOT = iphoneos;
				SWIFT_COMPILATION_MODE = wholemodule;
				SWIFT_OPTIMIZATION_LEVEL = "-O";
				VALIDATE_PRODUCT = YES;
			};
			name = Release;
		};
		4BB9656F27D08F4800E41D0C /* Debug */ = {
			isa = XCBuildConfiguration;
			baseConfigurationReference = B156CE90733864C60C1AB560 /* Pods-carrot_market_clona_ios.debug.xcconfig */;
			buildSettings = {
				ASSETCATALOG_COMPILER_APPICON_NAME = AppIcon;
				ASSETCATALOG_COMPILER_GLOBAL_ACCENT_COLOR_NAME = AccentColor;
				CODE_SIGN_STYLE = Automatic;
				CURRENT_PROJECT_VERSION = 1;
				DEVELOPMENT_TEAM = HLBTHMRT3P;
				GENERATE_INFOPLIST_FILE = YES;
				INFOPLIST_FILE = carrot_market_clona_ios/Info.plist;
				INFOPLIST_KEY_UIApplicationSupportsIndirectInputEvents = YES;
				INFOPLIST_KEY_UILaunchStoryboardName = LaunchScreen;
				INFOPLIST_KEY_UIMainStoryboardFile = Main;
				INFOPLIST_KEY_UISupportedInterfaceOrientations_iPad = "UIInterfaceOrientationPortrait UIInterfaceOrientationPortraitUpsideDown UIInterfaceOrientationLandscapeLeft UIInterfaceOrientationLandscapeRight";
				INFOPLIST_KEY_UISupportedInterfaceOrientations_iPhone = "UIInterfaceOrientationPortrait UIInterfaceOrientationLandscapeLeft UIInterfaceOrientationLandscapeRight";
				LD_RUNPATH_SEARCH_PATHS = (
					"$(inherited)",
					"@executable_path/Frameworks",
				);
				MARKETING_VERSION = 1.0;
				PRODUCT_BUNDLE_IDENTIFIER = "vision.carrot-market-clona-ios";
				PRODUCT_NAME = "$(TARGET_NAME)";
				SWIFT_EMIT_LOC_STRINGS = YES;
				SWIFT_VERSION = 5.0;
				TARGETED_DEVICE_FAMILY = "1,2";
			};
			name = Debug;
		};
		4BB9657027D08F4800E41D0C /* Release */ = {
			isa = XCBuildConfiguration;
			baseConfigurationReference = 00AD4E91B3E7F1BFC09913F5 /* Pods-carrot_market_clona_ios.release.xcconfig */;
			buildSettings = {
				ASSETCATALOG_COMPILER_APPICON_NAME = AppIcon;
				ASSETCATALOG_COMPILER_GLOBAL_ACCENT_COLOR_NAME = AccentColor;
				CODE_SIGN_STYLE = Automatic;
				CURRENT_PROJECT_VERSION = 1;
				DEVELOPMENT_TEAM = HLBTHMRT3P;
				GENERATE_INFOPLIST_FILE = YES;
				INFOPLIST_FILE = carrot_market_clona_ios/Info.plist;
				INFOPLIST_KEY_UIApplicationSupportsIndirectInputEvents = YES;
				INFOPLIST_KEY_UILaunchStoryboardName = LaunchScreen;
				INFOPLIST_KEY_UIMainStoryboardFile = Main;
				INFOPLIST_KEY_UISupportedInterfaceOrientations_iPad = "UIInterfaceOrientationPortrait UIInterfaceOrientationPortraitUpsideDown UIInterfaceOrientationLandscapeLeft UIInterfaceOrientationLandscapeRight";
				INFOPLIST_KEY_UISupportedInterfaceOrientations_iPhone = "UIInterfaceOrientationPortrait UIInterfaceOrientationLandscapeLeft UIInterfaceOrientationLandscapeRight";
				LD_RUNPATH_SEARCH_PATHS = (
					"$(inherited)",
					"@executable_path/Frameworks",
				);
				MARKETING_VERSION = 1.0;
				PRODUCT_BUNDLE_IDENTIFIER = "vision.carrot-market-clona-ios";
				PRODUCT_NAME = "$(TARGET_NAME)";
				SWIFT_EMIT_LOC_STRINGS = YES;
				SWIFT_VERSION = 5.0;
				TARGETED_DEVICE_FAMILY = "1,2";
			};
			name = Release;
		};
/* End XCBuildConfiguration section */

/* Begin XCConfigurationList section */
		4BB9655527D08F4600E41D0C /* Build configuration list for PBXProject "carrot_market_clona_ios" */ = {
			isa = XCConfigurationList;
			buildConfigurations = (
				4BB9656C27D08F4800E41D0C /* Debug */,
				4BB9656D27D08F4800E41D0C /* Release */,
			);
			defaultConfigurationIsVisible = 0;
			defaultConfigurationName = Release;
		};
		4BB9656E27D08F4800E41D0C /* Build configuration list for PBXNativeTarget "carrot_market_clona_ios" */ = {
			isa = XCConfigurationList;
			buildConfigurations = (
				4BB9656F27D08F4800E41D0C /* Debug */,
				4BB9657027D08F4800E41D0C /* Release */,
			);
			defaultConfigurationIsVisible = 0;
			defaultConfigurationName = Release;
		};
/* End XCConfigurationList section */
	};
	rootObject = 4BB9655227D08F4600E41D0C /* Project object */;
}
