PODS:
  - Alamofire (5.5.0)
  - BSImagePicker (3.3.1)
  - Pageboy (3.6.2)
  - Tabman (2.12.0):
    - Pageboy (~> 3.6.0)

DEPENDENCIES:
  - Alamofire (~> 5.5)
  - BSImagePicker (~> 3.1)
  - Tabman (~> 2.12)

SPEC REPOS:
  trunk:
    - Alamofire
    - BSImagePicker
    - Pageboy
    - Tabman

SPEC CHECKSUMS:
  Alamofire: 1c4fb5369c3fe93d2857c780d8bbe09f06f97e7c
  BSImagePicker: 0fe04b574d4d6b81093785d2af6c26227efc8428
  Pageboy: cf121b9dd48c63f3f281b2a9ec93d02e0f23879b
  Tabman: 447a50447ed2869c39ab3b1a779327e43e067c4e

PODFILE CHECKSUM: 59172c0e5a2869ab5d82305f341069b7ee7f7254

COCOAPODS: 1.11.2
